
Microsoft Visual Studio Solution File, Format Version 12.00
# Visual Studio Version 17
VisualStudioVersion = 17.0.32112.339
MinimumVisualStudioVersion = 10.0.40219.1
Project("{FAE04EC0-301F-11D3-BF4B-00C04F79EFBC}") = "pruebaTelefonica", "pruebaTelefonica\pruebaTelefonica.csproj", "{B52BD260-3F7F-4D46-9F10-F9442820A671}"
EndProject
Project("{FAE04EC0-301F-11D3-BF4B-00C04F79EFBC}") = "pruebaTelefonicaTests", "pruebaTelefonicaTests\pruebaTelefonicaTests.csproj", "{0F5F3A73-4BCB-4C43-8657-F39FA9295C11}"
EndProject
Global
	GlobalSection(SolutionConfigurationPlatforms) = preSolution
		Debug|Any CPU = Debug|Any CPU
		Release|Any CPU = Release|Any CPU
	EndGlobalSection
	GlobalSection(ProjectConfigurationPlatforms) = postSolution
		{B52BD260-3F7F-4D46-9F10-F9442820A671}.Debug|Any CPU.ActiveCfg = Debug|Any CPU
		{B52BD260-3F7F-4D46-9F10-F9442820A671}.Debug|Any CPU.Build.0 = Debug|Any CPU
		{B52BD260-3F7F-4D46-9F10-F9442820A671}.Release|Any CPU.ActiveCfg = Release|Any CPU
		{B52BD260-3F7F-4D46-9F10-F9442820A671}.Release|Any CPU.Build.0 = Release|Any CPU
		{0F5F3A73-4BCB-4C43-8657-F39FA9295C11}.Debug|Any CPU.ActiveCfg = Debug|Any CPU
		{0F5F3A73-4BCB-4C43-8657-F39FA9295C11}.Debug|Any CPU.Build.0 = Debug|Any CPU
		{0F5F3A73-4BCB-4C43-8657-F39FA9295C11}.Release|Any CPU.ActiveCfg = Release|Any CPU
		{0F5F3A73-4BCB-4C43-8657-F39FA9295C11}.Release|Any CPU.Build.0 = Release|Any CPU
	EndGlobalSection
	GlobalSection(SolutionProperties) = preSolution
		HideSolutionNode = FALSE
	EndGlobalSection
	GlobalSection(ExtensibilityGlobals) = postSolution
		SolutionGuid = {AFCD071C-E890-4E05-A033-548009815C35}
	EndGlobalSection
EndGlobal
